
Microsoft Visual Studio Solution File, Format Version 12.00
# Visual Studio Version 17
VisualStudioVersion = 17.0.31919.166
MinimumVisualStudioVersion = 10.0.40219.1
Project("{9A19103F-16F7-4668-BE54-9A1E7A4F7556}") = "CSharpBasic", "CSharpBasic\CSharpBasic.csproj", "{8309A044-D3D0-488A-A70B-558E0BB93FA9}"
EndProject
Project("{FAE04EC0-301F-11D3-BF4B-00C04F79EFBC}") = "Ex1", "Ex1\Ex1.csproj", "{0C416E88-8A7A-4F27-876A-29DC6E5F18FF}"
EndProject
Global
	GlobalSection(SolutionConfigurationPlatforms) = preSolution
		Debug|Any CPU = Debug|Any CPU
		Release|Any CPU = Release|Any CPU
	EndGlobalSection
	GlobalSection(ProjectConfigurationPlatforms) = postSolution
		{8309A044-D3D0-488A-A70B-558E0BB93FA9}.Debug|Any CPU.ActiveCfg = Debug|Any CPU
		{8309A044-D3D0-488A-A70B-558E0BB93FA9}.Debug|Any CPU.Build.0 = Debug|Any CPU
		{8309A044-D3D0-488A-A70B-558E0BB93FA9}.Release|Any CPU.ActiveCfg = Release|Any CPU
		{8309A044-D3D0-488A-A70B-558E0BB93FA9}.Release|Any CPU.Build.0 = Release|Any CPU
		{0C416E88-8A7A-4F27-876A-29DC6E5F18FF}.Debug|Any CPU.ActiveCfg = Debug|Any CPU
		{0C416E88-8A7A-4F27-876A-29DC6E5F18FF}.Debug|Any CPU.Build.0 = Debug|Any CPU
		{0C416E88-8A7A-4F27-876A-29DC6E5F18FF}.Release|Any CPU.ActiveCfg = Release|Any CPU
		{0C416E88-8A7A-4F27-876A-29DC6E5F18FF}.Release|Any CPU.Build.0 = Release|Any CPU
	EndGlobalSection
	GlobalSection(SolutionProperties) = preSolution
		HideSolutionNode = FALSE
	EndGlobalSection
	GlobalSection(ExtensibilityGlobals) = postSolution
		SolutionGuid = {5878EC49-8FAD-4B97-BB10-37A9B92085D8}
	EndGlobalSection
EndGlobal
